# This file is generated by running "yarn install" inside your project.
# Manual changes might be lost - proceed with caution!

__metadata:
  version: 8
  cacheKey: 10c0

"majiix@workspace:.":
  version: 0.0.0-use.local
  resolution: "majiix@workspace:."
  dependencies:
    prettier: "npm:3.0.3"
    typescript: "npm:^5.3.2"
  languageName: unknown
  linkType: soft

"prettier@npm:3.0.3":
  version: 3.0.3
  resolution: "prettier@npm:3.0.3"
  bin:
    prettier: bin/prettier.cjs
  checksum: f950887bc03c5b970d8c6dd129364acfbbc61e7b46aec5d5ce17f4adf6404e2ef43072c98b51c4786e0eaca949b307d362a773fd47502862d754b5a328fa2b26
  languageName: node
  linkType: hard

"typescript@npm:^5.3.2":
  version: 5.3.3
  resolution: "typescript@npm:5.3.3"
  bin:
    tsc: bin/tsc
    tsserver: bin/tsserver
  checksum: e33cef99d82573624fc0f854a2980322714986bc35b9cb4d1ce736ed182aeab78e2cb32b385efa493b2a976ef52c53e20d6c6918312353a91850e2b76f1ea44f
  languageName: node
  linkType: hard

"typescript@patch:typescript@npm%3A^5.3.2#optional!builtin<compat/typescript>":
  version: 5.3.3
  resolution: "typescript@patch:typescript@npm%3A5.3.3#optional!builtin<compat/typescript>::version=5.3.3&hash=e012d7"
  bin:
    tsc: bin/tsc
    tsserver: bin/tsserver
  checksum: 1d0a5f4ce496c42caa9a30e659c467c5686eae15d54b027ee7866744952547f1be1262f2d40de911618c242b510029d51d43ff605dba8fb740ec85ca2d3f9500
  languageName: node
  linkType: hard
